// !$*UTF8*$!
{
	archiveVersion = 1;
	classes = {
	};
	objectVersion = 46;
	objects = {

/* Begin PBXBuildFile section */
		937E53411E09B77B00284C23 /* AppDelegate.swift in Sources */ = {isa = PBXBuildFile; fileRef = 937E53401E09B77B00284C23 /* AppDelegate.swift */; };
		937E53431E09B77B00284C23 /* ViewController.swift in Sources */ = {isa = PBXBuildFile; fileRef = 937E53421E09B77B00284C23 /* ViewController.swift */; };
		937E53461E09B77B00284C23 /* Main.storyboard in Resources */ = {isa = PBXBuildFile; fileRef = 937E53441E09B77B00284C23 /* Main.storyboard */; };
		937E53481E09B77B00284C23 /* Assets.xcassets in Resources */ = {isa = PBXBuildFile; fileRef = 937E53471E09B77B00284C23 /* Assets.xcassets */; };
		937E534B1E09B77B00284C23 /* LaunchScreen.storyboard in Resources */ = {isa = PBXBuildFile; fileRef = 937E53491E09B77B00284C23 /* LaunchScreen.storyboard */; };
		937E53531E09B98D00284C23 /* GoogleService-Info.plist in Resources */ = {isa = PBXBuildFile; fileRef = 937E53521E09B98D00284C23 /* GoogleService-Info.plist */; };
		AD9E47F36ADE15FEE43FAC22 /* Pods_pushmynotifs.framework in Frameworks */ = {isa = PBXBuildFile; fileRef = A12FA4130EC7992DB2249485 /* Pods_pushmynotifs.framework */; };
/* End PBXBuildFile section */

/* Begin PBXFileReference section */
		4BAA7D1C3EAC93AED01ED8A7 /* Pods-pushmynotifs.debug.xcconfig */ = {isa = PBXFileReference; includeInIndex = 1; lastKnownFileType = text.xcconfig; name = "Pods-pushmynotifs.debug.xcconfig"; path = "Pods/Target Support Files/Pods-pushmynotifs/Pods-pushmynotifs.debug.xcconfig"; sourceTree = "<group>"; };
		8E25C7C2517660B0FEA2E277 /* Pods-pushmynotifs.release.xcconfig */ = {isa = PBXFileReference; includeInIndex = 1; lastKnownFileType = text.xcconfig; name = "Pods-pushmynotifs.release.xcconfig"; path = "Pods/Target Support Files/Pods-pushmynotifs/Pods-pushmynotifs.release.xcconfig"; sourceTree = "<group>"; };
		937E533D1E09B77B00284C23 /* pushmynotifs.app */ = {isa = PBXFileReference; explicitFileType = wrapper.application; includeInIndex = 0; path = pushmynotifs.app; sourceTree = BUILT_PRODUCTS_DIR; };
		937E53401E09B77B00284C23 /* AppDelegate.swift */ = {isa = PBXFileReference; lastKnownFileType = sourcecode.swift; path = AppDelegate.swift; sourceTree = "<group>"; };
		937E53421E09B77B00284C23 /* ViewController.swift */ = {isa = PBXFileReference; lastKnownFileType = sourcecode.swift; path = ViewController.swift; sourceTree = "<group>"; };
		937E53451E09B77B00284C23 /* Base */ = {isa = PBXFileReference; lastKnownFileType = file.storyboard; name = Base; path = Base.lproj/Main.storyboard; sourceTree = "<group>"; };
		937E53471E09B77B00284C23 /* Assets.xcassets */ = {isa = PBXFileReference; lastKnownFileType = folder.assetcatalog; path = Assets.xcassets; sourceTree = "<group>"; };
		937E534A1E09B77B00284C23 /* Base */ = {isa = PBXFileReference; lastKnownFileType = file.storyboard; name = Base; path = Base.lproj/LaunchScreen.storyboard; sourceTree = "<group>"; };
		937E534C1E09B77B00284C23 /* Info.plist */ = {isa = PBXFileReference; lastKnownFileType = text.plist.xml; path = Info.plist; sourceTree = "<group>"; };
		937E53521E09B98D00284C23 /* GoogleService-Info.plist */ = {isa = PBXFileReference; fileEncoding = 4; lastKnownFileType = text.plist.xml; path = "GoogleService-Info.plist"; sourceTree = "<group>"; };
		A12FA4130EC7992DB2249485 /* Pods_pushmynotifs.framework */ = {isa = PBXFileReference; explicitFileType = wrapper.framework; includeInIndex = 0; path = Pods_pushmynotifs.framework; sourceTree = BUILT_PRODUCTS_DIR; };
/* End PBXFileReference section */

/* Begin PBXFrameworksBuildPhase section */
		937E533A1E09B77B00284C23 /* Frameworks */ = {
			isa = PBXFrameworksBuildPhase;
			buildActionMask = 2147483647;
			files = (
				AD9E47F36ADE15FEE43FAC22 /* Pods_pushmynotifs.framework in Frameworks */,
			);
			runOnlyForDeploymentPostprocessing = 0;
		};
/* End PBXFrameworksBuildPhase section */

/* Begin PBXGroup section */
		4236942403C72C631C93D9B3 /* Pods */ = {
			isa = PBXGroup;
			children = (
				4BAA7D1C3EAC93AED01ED8A7 /* Pods-pushmynotifs.debug.xcconfig */,
				8E25C7C2517660B0FEA2E277 /* Pods-pushmynotifs.release.xcconfig */,
			);
			name = Pods;
			sourceTree = "<group>";
		};
		937E53341E09B77B00284C23 = {
			isa = PBXGroup;
			children = (
				937E533F1E09B77B00284C23 /* pushmynotifs */,
				937E533E1E09B77B00284C23 /* Products */,
				4236942403C72C631C93D9B3 /* Pods */,
				A068555904B1926323BEC7A0 /* Frameworks */,
			);
			sourceTree = "<group>";
		};
		937E533E1E09B77B00284C23 /* Products */ = {
			isa = PBXGroup;
			children = (
				937E533D1E09B77B00284C23 /* pushmynotifs.app */,
			);
			name = Products;
			sourceTree = "<group>";
		};
		937E533F1E09B77B00284C23 /* pushmynotifs */ = {
			isa = PBXGroup;
			children = (
				937E53561E09BC2C00284C23 /* View */,
				937E53551E09BC1600284C23 /* Controller */,
				937E53541E09BC0200284C23 /* Resources */,
				937E53571E09BC4400284C23 /* Services */,
			);
			path = pushmynotifs;
			sourceTree = "<group>";
		};
		937E53541E09BC0200284C23 /* Resources */ = {
			isa = PBXGroup;
			children = (
				937E53471E09B77B00284C23 /* Assets.xcassets */,
				937E534C1E09B77B00284C23 /* Info.plist */,
			);
			name = Resources;
			sourceTree = "<group>";
		};
		937E53551E09BC1600284C23 /* Controller */ = {
			isa = PBXGroup;
			children = (
				937E53401E09B77B00284C23 /* AppDelegate.swift */,
				937E53421E09B77B00284C23 /* ViewController.swift */,
			);
			name = Controller;
			sourceTree = "<group>";
		};
		937E53561E09BC2C00284C23 /* View */ = {
			isa = PBXGroup;
			children = (
				937E53491E09B77B00284C23 /* LaunchScreen.storyboard */,
				937E53441E09B77B00284C23 /* Main.storyboard */,
			);
			name = View;
			sourceTree = "<group>";
		};
		937E53571E09BC4400284C23 /* Services */ = {
			isa = PBXGroup;
			children = (
				937E53521E09B98D00284C23 /* GoogleService-Info.plist */,
			);
			name = Services;
			sourceTree = "<group>";
		};
		A068555904B1926323BEC7A0 /* Frameworks */ = {
			isa = PBXGroup;
			children = (
				A12FA4130EC7992DB2249485 /* Pods_pushmynotifs.framework */,
			);
			name = Frameworks;
			sourceTree = "<group>";
		};
/* End PBXGroup section */

/* Begin PBXNativeTarget section */
		937E533C1E09B77B00284C23 /* pushmynotifs */ = {
			isa = PBXNativeTarget;
			buildConfigurationList = 937E534F1E09B77B00284C23 /* Build configuration list for PBXNativeTarget "pushmynotifs" */;
			buildPhases = (
				09AAADD2FDF7266F339A81D0 /* [CP] Check Pods Manifest.lock */,
				937E53391E09B77B00284C23 /* Sources */,
				937E533A1E09B77B00284C23 /* Frameworks */,
				937E533B1E09B77B00284C23 /* Resources */,
				9CA839EABA11D740B90D8186 /* [CP] Embed Pods Frameworks */,
				06E85CBE163F9328AD5DE0AE /* [CP] Copy Pods Resources */,
			);
			buildRules = (
			);
			dependencies = (
			);
			name = pushmynotifs;
			productName = pushmynotifs;
			productReference = 937E533D1E09B77B00284C23 /* pushmynotifs.app */;
			productType = "com.apple.product-type.application";
		};
/* End PBXNativeTarget section */

/* Begin PBXProject section */
		937E53351E09B77B00284C23 /* Project object */ = {
			isa = PBXProject;
			attributes = {
				LastSwiftUpdateCheck = 0820;
				LastUpgradeCheck = 0820;
				ORGANIZATIONNAME = MarcBits;
				TargetAttributes = {
					937E533C1E09B77B00284C23 = {
						CreatedOnToolsVersion = 8.2.1;
						ProvisioningStyle = Automatic;
					};
				};
			};
			buildConfigurationList = 937E53381E09B77B00284C23 /* Build configuration list for PBXProject "pushmynotifs" */;
			compatibilityVersion = "Xcode 3.2";
			developmentRegion = English;
			hasScannedForEncodings = 0;
			knownRegions = (
				en,
				Base,
			);
			mainGroup = 937E53341E09B77B00284C23;
			productRefGroup = 937E533E1E09B77B00284C23 /* Products */;
			projectDirPath = "";
			projectRoot = "";
			targets = (
				937E533C1E09B77B00284C23 /* pushmynotifs */,
			);
		};
/* End PBXProject section */

/* Begin PBXResourcesBuildPhase section */
		937E533B1E09B77B00284C23 /* Resources */ = {
			isa = PBXResourcesBuildPhase;
			buildActionMask = 2147483647;
			files = (
				937E534B1E09B77B00284C23 /* LaunchScreen.storyboard in Resources */,
				937E53531E09B98D00284C23 /* GoogleService-Info.plist in Resources */,
				937E53481E09B77B00284C23 /* Assets.xcassets in Resources */,
				937E53461E09B77B00284C23 /* Main.storyboard in Resources */,
			);
			runOnlyForDeploymentPostprocessing = 0;
		};
/* End PBXResourcesBuildPhase section */

/* Begin PBXShellScriptBuildPhase section */
		06E85CBE163F9328AD5DE0AE /* [CP] Copy Pods Resources */ = {
			isa = PBXShellScriptBuildPhase;
			buildActionMask = 2147483647;
			files = (
			);
			inputPaths = (
			);
			name = "[CP] Copy Pods Resources";
			outputPaths = (
			);
			runOnlyForDeploymentPostprocessing = 0;
			shellPath = /bin/sh;
			shellScript = "\"${SRCROOT}/Pods/Target Support Files/Pods-pushmynotifs/Pods-pushmynotifs-resources.sh\"\n";
			showEnvVarsInLog = 0;
		};
		09AAADD2FDF7266F339A81D0 /* [CP] Check Pods Manifest.lock */ = {
			isa = PBXShellScriptBuildPhase;
			buildActionMask = 2147483647;
			files = (
			);
			inputPaths = (
			);
			name = "[CP] Check Pods Manifest.lock";
			outputPaths = (
			);
			runOnlyForDeploymentPostprocessing = 0;
			shellPath = /bin/sh;
			shellScript = "diff \"${PODS_ROOT}/../Podfile.lock\" \"${PODS_ROOT}/Manifest.lock\" > /dev/null\nif [ $? != 0 ] ; then\n    # print error to STDERR\n    echo \"error: The sandbox is not in sync with the Podfile.lock. Run 'pod install' or update your CocoaPods installation.\" >&2\n    exit 1\nfi\n";
			showEnvVarsInLog = 0;
		};
		9CA839EABA11D740B90D8186 /* [CP] Embed Pods Frameworks */ = {
			isa = PBXShellScriptBuildPhase;
			buildActionMask = 2147483647;
			files = (
			);
			inputPaths = (
			);
			name = "[CP] Embed Pods Frameworks";
			outputPaths = (
			);
			runOnlyForDeploymentPostprocessing = 0;
			shellPath = /bin/sh;
			shellScript = "\"${SRCROOT}/Pods/Target Support Files/Pods-pushmynotifs/Pods-pushmynotifs-frameworks.sh\"\n";
			showEnvVarsInLog = 0;
		};
/* End PBXShellScriptBuildPhase section */

/* Begin PBXSourcesBuildPhase section */
		937E53391E09B77B00284C23 /* Sources */ = {
			isa = PBXSourcesBuildPhase;
			buildActionMask = 2147483647;
			files = (
				937E53431E09B77B00284C23 /* ViewController.swift in Sources */,
				937E53411E09B77B00284C23 /* AppDelegate.swift in Sources */,
			);
			runOnlyForDeploymentPostprocessing = 0;
		};
/* End PBXSourcesBuildPhase section */

/* Begin PBXVariantGroup section */
		937E53441E09B77B00284C23 /* Main.storyboard */ = {
			isa = PBXVariantGroup;
			children = (
				937E53451E09B77B00284C23 /* Base */,
			);
			name = Main.storyboard;
			sourceTree = "<group>";
		};
		937E53491E09B77B00284C23 /* LaunchScreen.storyboard */ = {
			isa = PBXVariantGroup;
			children = (
				937E534A1E09B77B00284C23 /* Base */,
			);
			name = LaunchScreen.storyboard;
			sourceTree = "<group>";
		};
/* End PBXVariantGroup section */

/* Begin XCBuildConfiguration section */
		937E534D1E09B77B00284C23 /* Debug */ = {
			isa = XCBuildConfiguration;
			buildSettings = {
				ALWAYS_SEARCH_USER_PATHS = NO;
				CLANG_ANALYZER_NONNULL = YES;
				CLANG_CXX_LANGUAGE_STANDARD = "gnu++0x";
				CLANG_CXX_LIBRARY = "libc++";
				CLANG_ENABLE_MODULES = YES;
				CLANG_ENABLE_OBJC_ARC = YES;
				CLANG_WARN_BOOL_CONVERSION = YES;
				CLANG_WARN_CONSTANT_CONVERSION = YES;
				CLANG_WARN_DIRECT_OBJC_ISA_USAGE = YES_ERROR;
				CLANG_WARN_DOCUMENTATION_COMMENTS = YES;
				CLANG_WARN_EMPTY_BODY = YES;
				CLANG_WARN_ENUM_CONVERSION = YES;
				CLANG_WARN_INFINITE_RECURSION = YES;
				CLANG_WARN_INT_CONVERSION = YES;
				CLANG_WARN_OBJC_ROOT_CLASS = YES_ERROR;
				CLANG_WARN_SUSPICIOUS_MOVE = YES;
				CLANG_WARN_UNREACHABLE_CODE = YES;
				CLANG_WARN__DUPLICATE_METHOD_MATCH = YES;
				"CODE_SIGN_IDENTITY[sdk=iphoneos*]" = "iPhone Developer";
				COPY_PHASE_STRIP = NO;
				DEBUG_INFORMATION_FORMAT = dwarf;
				ENABLE_STRICT_OBJC_MSGSEND = YES;
				ENABLE_TESTABILITY = YES;
				GCC_C_LANGUAGE_STANDARD = gnu99;
				GCC_DYNAMIC_NO_PIC = NO;
				GCC_NO_COMMON_BLOCKS = YES;
				GCC_OPTIMIZATION_LEVEL = 0;
				GCC_PREPROCESSOR_DEFINITIONS = (
					"DEBUG=1",
					"$(inherited)",
				);
				GCC_WARN_64_TO_32_BIT_CONVERSION = YES;
				GCC_WARN_ABOUT_RETURN_TYPE = YES_ERROR;
				GCC_WARN_UNDECLARED_SELECTOR = YES;
				GCC_WARN_UNINITIALIZED_AUTOS = YES_AGGRESSIVE;
				GCC_WARN_UNUSED_FUNCTION = YES;
				GCC_WARN_UNUSED_VARIABLE = YES;
				IPHONEOS_DEPLOYMENT_TARGET = 10.2;
				MTL_ENABLE_DEBUG_INFO = YES;
				ONLY_ACTIVE_ARCH = YES;
				SDKROOT = iphoneos;
				SWIFT_ACTIVE_COMPILATION_CONDITIONS = DEBUG;
				SWIFT_OPTIMIZATION_LEVEL = "-Onone";
				TARGETED_DEVICE_FAMILY = "1,2";
			};
			name = Debug;
		};
		937E534E1E09B77B00284C23 /* Release */ = {
			isa = XCBuildConfiguration;
			buildSettings = {
				ALWAYS_SEARCH_USER_PATHS = NO;
				CLANG_ANALYZER_NONNULL = YES;
				CLANG_CXX_LANGUAGE_STANDARD = "gnu++0x";
				CLANG_CXX_LIBRARY = "libc++";
				CLANG_ENABLE_MODULES = YES;
				CLANG_ENABLE_OBJC_ARC = YES;
				CLANG_WARN_BOOL_CONVERSION = YES;
				CLANG_WARN_CONSTANT_CONVERSION = YES;
				CLANG_WARN_DIRECT_OBJC_ISA_USAGE = YES_ERROR;
				CLANG_WARN_DOCUMENTATION_COMMENTS = YES;
				CLANG_WARN_EMPTY_BODY = YES;
				CLANG_WARN_ENUM_CONVERSION = YES;
				CLANG_WARN_INFINITE_RECURSION = YES;
				CLANG_WARN_INT_CONVERSION = YES;
				CLANG_WARN_OBJC_ROOT_CLASS = YES_ERROR;
				CLANG_WARN_SUSPICIOUS_MOVE = YES;
				CLANG_WARN_UNREACHABLE_CODE = YES;
				CLANG_WARN__DUPLICATE_METHOD_MATCH = YES;
				"CODE_SIGN_IDENTITY[sdk=iphoneos*]" = "iPhone Developer";
				COPY_PHASE_STRIP = NO;
				DEBUG_INFORMATION_FORMAT = "dwarf-with-dsym";
				ENABLE_NS_ASSERTIONS = NO;
				ENABLE_STRICT_OBJC_MSGSEND = YES;
				GCC_C_LANGUAGE_STANDARD = gnu99;
				GCC_NO_COMMON_BLOCKS = YES;
				GCC_WARN_64_TO_32_BIT_CONVERSION = YES;
				GCC_WARN_ABOUT_RETURN_TYPE = YES_ERROR;
				GCC_WARN_UNDECLARED_SELECTOR = YES;
				GCC_WARN_UNINITIALIZED_AUTOS = YES_AGGRESSIVE;
				GCC_WARN_UNUSED_FUNCTION = YES;
				GCC_WARN_UNUSED_VARIABLE = YES;
				IPHONEOS_DEPLOYMENT_TARGET = 10.2;
				MTL_ENABLE_DEBUG_INFO = NO;
				SDKROOT = iphoneos;
				SWIFT_OPTIMIZATION_LEVEL = "-Owholemodule";
				TARGETED_DEVICE_FAMILY = "1,2";
				VALIDATE_PRODUCT = YES;
			};
			name = Release;
		};
		937E53501E09B77B00284C23 /* Debug */ = {
			isa = XCBuildConfiguration;
			baseConfigurationReference = 4BAA7D1C3EAC93AED01ED8A7 /* Pods-pushmynotifs.debug.xcconfig */;
			buildSettings = {
				ASSETCATALOG_COMPILER_APPICON_NAME = AppIcon;
				INFOPLIST_FILE = pushmynotifs/Info.plist;
				LD_RUNPATH_SEARCH_PATHS = "$(inherited) @executable_path/Frameworks";
				PRODUCT_BUNDLE_IDENTIFIER = com.marcbits.pushmynotifs;
				PRODUCT_NAME = "$(TARGET_NAME)";
				SWIFT_VERSION = 3.0;
			};
			name = Debug;
		};
		937E53511E09B77B00284C23 /* Release */ = {
			isa = XCBuildConfiguration;
			baseConfigurationReference = 8E25C7C2517660B0FEA2E277 /* Pods-pushmynotifs.release.xcconfig */;
			buildSettings = {
				ASSETCATALOG_COMPILER_APPICON_NAME = AppIcon;
				INFOPLIST_FILE = pushmynotifs/Info.plist;
				LD_RUNPATH_SEARCH_PATHS = "$(inherited) @executable_path/Frameworks";
				PRODUCT_BUNDLE_IDENTIFIER = com.marcbits.pushmynotifs;
				PRODUCT_NAME = "$(TARGET_NAME)";
				SWIFT_VERSION = 3.0;
			};
			name = Release;
		};
/* End XCBuildConfiguration section */

/* Begin XCConfigurationList section */
		937E53381E09B77B00284C23 /* Build configuration list for PBXProject "pushmynotifs" */ = {
			isa = XCConfigurationList;
			buildConfigurations = (
				937E534D1E09B77B00284C23 /* Debug */,
				937E534E1E09B77B00284C23 /* Release */,
			);
			defaultConfigurationIsVisible = 0;
			defaultConfigurationName = Release;
		};
		937E534F1E09B77B00284C23 /* Build configuration list for PBXNativeTarget "pushmynotifs" */ = {
			isa = XCConfigurationList;
			buildConfigurations = (
				937E53501E09B77B00284C23 /* Debug */,
				937E53511E09B77B00284C23 /* Release */,
			);
			defaultConfigurationIsVisible = 0;
			defaultConfigurationName = Release;
		};
/* End XCConfigurationList section */
	};
	rootObject = 937E53351E09B77B00284C23 /* Project object */;
}
